
Microsoft Visual Studio Solution File, Format Version 12.00
# Visual Studio Version 16
VisualStudioVersion = 16.0.30320.27
MinimumVisualStudioVersion = 10.0.40219.1
Project("{FAE04EC0-301F-11D3-BF4B-00C04F79EFBC}") = "uFilter.CLI", "uFilter.CLI\uFilter.CLI.csproj", "{BA3FC420-AA6D-40E5-9657-68F53B84AA31}"
EndProject
Global
	GlobalSection(SolutionConfigurationPlatforms) = preSolution
		Debug|Any CPU = Debug|Any CPU
		Release|Any CPU = Release|Any CPU
	EndGlobalSection
	GlobalSection(ProjectConfigurationPlatforms) = postSolution
		{BA3FC420-AA6D-40E5-9657-68F53B84AA31}.Debug|Any CPU.ActiveCfg = Debug|Any CPU
		{BA3FC420-AA6D-40E5-9657-68F53B84AA31}.Debug|Any CPU.Build.0 = Debug|Any CPU
		{BA3FC420-AA6D-40E5-9657-68F53B84AA31}.Release|Any CPU.ActiveCfg = Release|Any CPU
		{BA3FC420-AA6D-40E5-9657-68F53B84AA31}.Release|Any CPU.Build.0 = Release|Any CPU
	EndGlobalSection
	GlobalSection(SolutionProperties) = preSolution
		HideSolutionNode = FALSE
	EndGlobalSection
	GlobalSection(ExtensibilityGlobals) = postSolution
		SolutionGuid = {027AF9AC-AFF4-491C-832C-4E1FECCEDD00}
	EndGlobalSection
EndGlobal
